
Microsoft Visual Studio Solution File, Format Version 12.00
# Visual Studio Version 16
VisualStudioVersion = 16.0.31321.278
MinimumVisualStudioVersion = 10.0.40219.1
Project("{FAE04EC0-301F-11D3-BF4B-00C04F79EFBC}") = "Brain Rush", "Brain Rush\Brain Rush.csproj", "{A823531E-FEB2-4CF9-88A2-BE2D176ACCF7}"
EndProject
Global
	GlobalSection(SolutionConfigurationPlatforms) = preSolution
		Debug|Any CPU = Debug|Any CPU
		Release|Any CPU = Release|Any CPU
	EndGlobalSection
	GlobalSection(ProjectConfigurationPlatforms) = postSolution
		{A823531E-FEB2-4CF9-88A2-BE2D176ACCF7}.Debug|Any CPU.ActiveCfg = Debug|Any CPU
		{A823531E-FEB2-4CF9-88A2-BE2D176ACCF7}.Debug|Any CPU.Build.0 = Debug|Any CPU
		{A823531E-FEB2-4CF9-88A2-BE2D176ACCF7}.Release|Any CPU.ActiveCfg = Release|Any CPU
		{A823531E-FEB2-4CF9-88A2-BE2D176ACCF7}.Release|Any CPU.Build.0 = Release|Any CPU
	EndGlobalSection
	GlobalSection(SolutionProperties) = preSolution
		HideSolutionNode = FALSE
	EndGlobalSection
	GlobalSection(ExtensibilityGlobals) = postSolution
		SolutionGuid = {4E2137A7-411F-4AC9-BAE7-552E82D938B7}
	EndGlobalSection
EndGlobal
